
Microsoft Visual Studio Solution File, Format Version 12.00
# Visual Studio Version 16
VisualStudioVersion = 16.0.30114.105
MinimumVisualStudioVersion = 10.0.40219.1
Project("{2150E333-8FDC-42A3-9474-1A3956D46DE8}") = "src", "src", "{3E7EDB35-637A-402C-ABA6-EF8E4C55C051}"
EndProject
Project("{FAE04EC0-301F-11D3-BF4B-00C04F79EFBC}") = "Honeycomb.OpenTelemetry", "src\Honeycomb.OpenTelemetry\Honeycomb.OpenTelemetry.csproj", "{061494E1-D5D7-479E-BE88-FE0E2F94D9F5}"
EndProject
Global
	GlobalSection(SolutionConfigurationPlatforms) = preSolution
		Debug|Any CPU = Debug|Any CPU
		Debug|x64 = Debug|x64
		Debug|x86 = Debug|x86
		Release|Any CPU = Release|Any CPU
		Release|x64 = Release|x64
		Release|x86 = Release|x86
	EndGlobalSection
	GlobalSection(SolutionProperties) = preSolution
		HideSolutionNode = FALSE
	EndGlobalSection
	GlobalSection(ProjectConfigurationPlatforms) = postSolution
		{061494E1-D5D7-479E-BE88-FE0E2F94D9F5}.Debug|Any CPU.ActiveCfg = Debug|Any CPU
		{061494E1-D5D7-479E-BE88-FE0E2F94D9F5}.Debug|Any CPU.Build.0 = Debug|Any CPU
		{061494E1-D5D7-479E-BE88-FE0E2F94D9F5}.Debug|x64.ActiveCfg = Debug|Any CPU
		{061494E1-D5D7-479E-BE88-FE0E2F94D9F5}.Debug|x64.Build.0 = Debug|Any CPU
		{061494E1-D5D7-479E-BE88-FE0E2F94D9F5}.Debug|x86.ActiveCfg = Debug|Any CPU
		{061494E1-D5D7-479E-BE88-FE0E2F94D9F5}.Debug|x86.Build.0 = Debug|Any CPU
		{061494E1-D5D7-479E-BE88-FE0E2F94D9F5}.Release|Any CPU.ActiveCfg = Release|Any CPU
		{061494E1-D5D7-479E-BE88-FE0E2F94D9F5}.Release|Any CPU.Build.0 = Release|Any CPU
		{061494E1-D5D7-479E-BE88-FE0E2F94D9F5}.Release|x64.ActiveCfg = Release|Any CPU
		{061494E1-D5D7-479E-BE88-FE0E2F94D9F5}.Release|x64.Build.0 = Release|Any CPU
		{061494E1-D5D7-479E-BE88-FE0E2F94D9F5}.Release|x86.ActiveCfg = Release|Any CPU
		{061494E1-D5D7-479E-BE88-FE0E2F94D9F5}.Release|x86.Build.0 = Release|Any CPU
	EndGlobalSection
	GlobalSection(NestedProjects) = preSolution
		{061494E1-D5D7-479E-BE88-FE0E2F94D9F5} = {3E7EDB35-637A-402C-ABA6-EF8E4C55C051}
	EndGlobalSection
EndGlobal
