
Microsoft Visual Studio Solution File, Format Version 12.00
# Visual Studio Version 16
VisualStudioVersion = 16.0.30114.105
MinimumVisualStudioVersion = 10.0.40219.1
Project("{2150E333-8FDC-42A3-9474-1A3956D46DE8}") = "src", "src", "{3E7EDB35-637A-402C-ABA6-EF8E4C55C051}"
EndProject
Project("{FAE04EC0-301F-11D3-BF4B-00C04F79EFBC}") = "Honeycomb.OpenTelemetry", "src\Honeycomb.OpenTelemetry\Honeycomb.OpenTelemetry.csproj", "{061494E1-D5D7-479E-BE88-FE0E2F94D9F5}"
EndProject
Project("{2150E333-8FDC-42A3-9474-1A3956D46DE8}") = "test", "test", "{B622C013-E4C5-4632-A263-B652C38D2E27}"
EndProject
Project("{FAE04EC0-301F-11D3-BF4B-00C04F79EFBC}") = "Honeycomb.OpenTelemetry.Tests", "test\Honeycomb.OpenTelemetry.Tests\Honeycomb.OpenTelemetry.Tests.csproj", "{DE41D67B-F18B-4EAD-A1AC-D7AAB1DEB55E}"
EndProject
Project("{2150E333-8FDC-42A3-9474-1A3956D46DE8}") = "examples", "examples", "{B2B54384-A507-44F4-B611-039F7CC27AC0}"
EndProject
Project("{FAE04EC0-301F-11D3-BF4B-00C04F79EFBC}") = "console", "examples\console\console.csproj", "{DC70B54C-4F4E-4826-A41B-99E976E9475A}"
EndProject
Project("{FAE04EC0-301F-11D3-BF4B-00C04F79EFBC}") = "aspnetcore", "examples\aspnetcore\aspnetcore.csproj", "{37D377D0-7C5A-4F44-B535-C9DA60FDB723}"
EndProject
Project("{FAE04EC0-301F-11D3-BF4B-00C04F79EFBC}") = "blazor", "examples\blazor\blazor.csproj", "{47C385FB-8E8F-4628-A42E-F4ACFB734BD9}"
EndProject
Global
	GlobalSection(SolutionConfigurationPlatforms) = preSolution
		Debug|Any CPU = Debug|Any CPU
		Debug|x64 = Debug|x64
		Debug|x86 = Debug|x86
		Release|Any CPU = Release|Any CPU
		Release|x64 = Release|x64
		Release|x86 = Release|x86
	EndGlobalSection
	GlobalSection(SolutionProperties) = preSolution
		HideSolutionNode = FALSE
	EndGlobalSection
	GlobalSection(ProjectConfigurationPlatforms) = postSolution
		{061494E1-D5D7-479E-BE88-FE0E2F94D9F5}.Debug|Any CPU.ActiveCfg = Debug|Any CPU
		{061494E1-D5D7-479E-BE88-FE0E2F94D9F5}.Debug|Any CPU.Build.0 = Debug|Any CPU
		{061494E1-D5D7-479E-BE88-FE0E2F94D9F5}.Debug|x64.ActiveCfg = Debug|Any CPU
		{061494E1-D5D7-479E-BE88-FE0E2F94D9F5}.Debug|x64.Build.0 = Debug|Any CPU
		{061494E1-D5D7-479E-BE88-FE0E2F94D9F5}.Debug|x86.ActiveCfg = Debug|Any CPU
		{061494E1-D5D7-479E-BE88-FE0E2F94D9F5}.Debug|x86.Build.0 = Debug|Any CPU
		{061494E1-D5D7-479E-BE88-FE0E2F94D9F5}.Release|Any CPU.ActiveCfg = Release|Any CPU
		{061494E1-D5D7-479E-BE88-FE0E2F94D9F5}.Release|Any CPU.Build.0 = Release|Any CPU
		{061494E1-D5D7-479E-BE88-FE0E2F94D9F5}.Release|x64.ActiveCfg = Release|Any CPU
		{061494E1-D5D7-479E-BE88-FE0E2F94D9F5}.Release|x64.Build.0 = Release|Any CPU
		{061494E1-D5D7-479E-BE88-FE0E2F94D9F5}.Release|x86.ActiveCfg = Release|Any CPU
		{061494E1-D5D7-479E-BE88-FE0E2F94D9F5}.Release|x86.Build.0 = Release|Any CPU
		{DE41D67B-F18B-4EAD-A1AC-D7AAB1DEB55E}.Debug|Any CPU.ActiveCfg = Debug|Any CPU
		{DE41D67B-F18B-4EAD-A1AC-D7AAB1DEB55E}.Debug|Any CPU.Build.0 = Debug|Any CPU
		{DE41D67B-F18B-4EAD-A1AC-D7AAB1DEB55E}.Debug|x64.ActiveCfg = Debug|Any CPU
		{DE41D67B-F18B-4EAD-A1AC-D7AAB1DEB55E}.Debug|x64.Build.0 = Debug|Any CPU
		{DE41D67B-F18B-4EAD-A1AC-D7AAB1DEB55E}.Debug|x86.ActiveCfg = Debug|Any CPU
		{DE41D67B-F18B-4EAD-A1AC-D7AAB1DEB55E}.Debug|x86.Build.0 = Debug|Any CPU
		{DE41D67B-F18B-4EAD-A1AC-D7AAB1DEB55E}.Release|Any CPU.ActiveCfg = Release|Any CPU
		{DE41D67B-F18B-4EAD-A1AC-D7AAB1DEB55E}.Release|Any CPU.Build.0 = Release|Any CPU
		{DE41D67B-F18B-4EAD-A1AC-D7AAB1DEB55E}.Release|x64.ActiveCfg = Release|Any CPU
		{DE41D67B-F18B-4EAD-A1AC-D7AAB1DEB55E}.Release|x64.Build.0 = Release|Any CPU
		{DE41D67B-F18B-4EAD-A1AC-D7AAB1DEB55E}.Release|x86.ActiveCfg = Release|Any CPU
		{DE41D67B-F18B-4EAD-A1AC-D7AAB1DEB55E}.Release|x86.Build.0 = Release|Any CPU
		{DC70B54C-4F4E-4826-A41B-99E976E9475A}.Debug|Any CPU.ActiveCfg = Debug|Any CPU
		{DC70B54C-4F4E-4826-A41B-99E976E9475A}.Debug|Any CPU.Build.0 = Debug|Any CPU
		{DC70B54C-4F4E-4826-A41B-99E976E9475A}.Debug|x64.ActiveCfg = Debug|Any CPU
		{DC70B54C-4F4E-4826-A41B-99E976E9475A}.Debug|x64.Build.0 = Debug|Any CPU
		{DC70B54C-4F4E-4826-A41B-99E976E9475A}.Debug|x86.ActiveCfg = Debug|Any CPU
		{DC70B54C-4F4E-4826-A41B-99E976E9475A}.Debug|x86.Build.0 = Debug|Any CPU
		{DC70B54C-4F4E-4826-A41B-99E976E9475A}.Release|Any CPU.ActiveCfg = Release|Any CPU
		{DC70B54C-4F4E-4826-A41B-99E976E9475A}.Release|Any CPU.Build.0 = Release|Any CPU
		{DC70B54C-4F4E-4826-A41B-99E976E9475A}.Release|x64.ActiveCfg = Release|Any CPU
		{DC70B54C-4F4E-4826-A41B-99E976E9475A}.Release|x64.Build.0 = Release|Any CPU
		{DC70B54C-4F4E-4826-A41B-99E976E9475A}.Release|x86.ActiveCfg = Release|Any CPU
		{DC70B54C-4F4E-4826-A41B-99E976E9475A}.Release|x86.Build.0 = Release|Any CPU
		{37D377D0-7C5A-4F44-B535-C9DA60FDB723}.Debug|Any CPU.ActiveCfg = Debug|Any CPU
		{37D377D0-7C5A-4F44-B535-C9DA60FDB723}.Debug|Any CPU.Build.0 = Debug|Any CPU
		{37D377D0-7C5A-4F44-B535-C9DA60FDB723}.Debug|x64.ActiveCfg = Debug|Any CPU
		{37D377D0-7C5A-4F44-B535-C9DA60FDB723}.Debug|x64.Build.0 = Debug|Any CPU
		{37D377D0-7C5A-4F44-B535-C9DA60FDB723}.Debug|x86.ActiveCfg = Debug|Any CPU
		{37D377D0-7C5A-4F44-B535-C9DA60FDB723}.Debug|x86.Build.0 = Debug|Any CPU
		{37D377D0-7C5A-4F44-B535-C9DA60FDB723}.Release|Any CPU.ActiveCfg = Release|Any CPU
		{37D377D0-7C5A-4F44-B535-C9DA60FDB723}.Release|Any CPU.Build.0 = Release|Any CPU
		{37D377D0-7C5A-4F44-B535-C9DA60FDB723}.Release|x64.ActiveCfg = Release|Any CPU
		{37D377D0-7C5A-4F44-B535-C9DA60FDB723}.Release|x64.Build.0 = Release|Any CPU
		{37D377D0-7C5A-4F44-B535-C9DA60FDB723}.Release|x86.ActiveCfg = Release|Any CPU
		{37D377D0-7C5A-4F44-B535-C9DA60FDB723}.Release|x86.Build.0 = Release|Any CPU
		{47C385FB-8E8F-4628-A42E-F4ACFB734BD9}.Debug|Any CPU.ActiveCfg = Debug|Any CPU
		{47C385FB-8E8F-4628-A42E-F4ACFB734BD9}.Debug|Any CPU.Build.0 = Debug|Any CPU
		{47C385FB-8E8F-4628-A42E-F4ACFB734BD9}.Debug|x64.ActiveCfg = Debug|Any CPU
		{47C385FB-8E8F-4628-A42E-F4ACFB734BD9}.Debug|x64.Build.0 = Debug|Any CPU
		{47C385FB-8E8F-4628-A42E-F4ACFB734BD9}.Debug|x86.ActiveCfg = Debug|Any CPU
		{47C385FB-8E8F-4628-A42E-F4ACFB734BD9}.Debug|x86.Build.0 = Debug|Any CPU
		{47C385FB-8E8F-4628-A42E-F4ACFB734BD9}.Release|Any CPU.ActiveCfg = Release|Any CPU
		{47C385FB-8E8F-4628-A42E-F4ACFB734BD9}.Release|Any CPU.Build.0 = Release|Any CPU
		{47C385FB-8E8F-4628-A42E-F4ACFB734BD9}.Release|x64.ActiveCfg = Release|Any CPU
		{47C385FB-8E8F-4628-A42E-F4ACFB734BD9}.Release|x64.Build.0 = Release|Any CPU
		{47C385FB-8E8F-4628-A42E-F4ACFB734BD9}.Release|x86.ActiveCfg = Release|Any CPU
		{47C385FB-8E8F-4628-A42E-F4ACFB734BD9}.Release|x86.Build.0 = Release|Any CPU
	EndGlobalSection
	GlobalSection(NestedProjects) = preSolution
		{061494E1-D5D7-479E-BE88-FE0E2F94D9F5} = {3E7EDB35-637A-402C-ABA6-EF8E4C55C051}
		{DE41D67B-F18B-4EAD-A1AC-D7AAB1DEB55E} = {B622C013-E4C5-4632-A263-B652C38D2E27}
		{DC70B54C-4F4E-4826-A41B-99E976E9475A} = {B2B54384-A507-44F4-B611-039F7CC27AC0}
		{37D377D0-7C5A-4F44-B535-C9DA60FDB723} = {B2B54384-A507-44F4-B611-039F7CC27AC0}
		{47C385FB-8E8F-4628-A42E-F4ACFB734BD9} = {B2B54384-A507-44F4-B611-039F7CC27AC0}
	EndGlobalSection
EndGlobal
