
Microsoft Visual Studio Solution File, Format Version 12.00
# Visual Studio Version 17
VisualStudioVersion = 17.4.32916.344
MinimumVisualStudioVersion = 10.0.40219.1
Project("{2150E333-8FDC-42A3-9474-1A3956D46DE8}") = "src", "src", "{3E7EDB35-637A-402C-ABA6-EF8E4C55C051}"
EndProject
Project("{9A19103F-16F7-4668-BE54-9A1E7A4F7556}") = "Honeycomb.OpenTelemetry", "src\Honeycomb.OpenTelemetry\Honeycomb.OpenTelemetry.csproj", "{061494E1-D5D7-479E-BE88-FE0E2F94D9F5}"
EndProject
Project("{2150E333-8FDC-42A3-9474-1A3956D46DE8}") = "test", "test", "{B622C013-E4C5-4632-A263-B652C38D2E27}"
EndProject
Project("{9A19103F-16F7-4668-BE54-9A1E7A4F7556}") = "Honeycomb.OpenTelemetry.Tests", "test\Honeycomb.OpenTelemetry.Tests\Honeycomb.OpenTelemetry.Tests.csproj", "{DE41D67B-F18B-4EAD-A1AC-D7AAB1DEB55E}"
EndProject
Project("{2150E333-8FDC-42A3-9474-1A3956D46DE8}") = "examples", "examples", "{B2B54384-A507-44F4-B611-039F7CC27AC0}"
EndProject
Project("{9A19103F-16F7-4668-BE54-9A1E7A4F7556}") = "console", "examples\console\console.csproj", "{DC70B54C-4F4E-4826-A41B-99E976E9475A}"
EndProject
Project("{9A19103F-16F7-4668-BE54-9A1E7A4F7556}") = "aspnetcore", "examples\aspnetcore\aspnetcore.csproj", "{37D377D0-7C5A-4F44-B535-C9DA60FDB723}"
EndProject
Project("{9A19103F-16F7-4668-BE54-9A1E7A4F7556}") = "aspnetcoreredis", "examples\aspnetcore-redis\aspnetcoreredis.csproj", "{41B05546-CC58-4546-AC73-2497F7CD8FD8}"
EndProject
Project("{9A19103F-16F7-4668-BE54-9A1E7A4F7556}") = "Honeycomb.OpenTelemetry.Instrumentation.AspNetCore", "src\Honeycomb.OpenTelemetry.Instrumentation.AspNetCore\Honeycomb.OpenTelemetry.Instrumentation.AspNetCore.csproj", "{DB772676-A314-44DC-8EBD-971FBE6953B9}"
EndProject
Project("{FAE04EC0-301F-11D3-BF4B-00C04F79EFBC}") = "Honeycomb.OpenTelemetry.CommonInstrumentations", "src\Honeycomb.OpenTelemetry.CommonInstrumentations\Honeycomb.OpenTelemetry.CommonInstrumentations.csproj", "{CA34C8B5-6C46-41C5-8931-AAFAD732DF5F}"
EndProject
Project("{F2A71F9B-5D33-465A-A702-920D77279786}") = "aspnetcore-fsharp", "examples\aspnetcore-fsharp\aspnetcore-fsharp.fsproj", "{72DF2078-62A4-4529-B439-BFFF4AD4C6B9}"
EndProject
Global
	GlobalSection(SolutionConfigurationPlatforms) = preSolution
		Debug|Any CPU = Debug|Any CPU
		Debug|x64 = Debug|x64
		Debug|x86 = Debug|x86
		Release|Any CPU = Release|Any CPU
		Release|x64 = Release|x64
		Release|x86 = Release|x86
	EndGlobalSection
	GlobalSection(ProjectConfigurationPlatforms) = postSolution
		{061494E1-D5D7-479E-BE88-FE0E2F94D9F5}.Debug|Any CPU.ActiveCfg = Debug|Any CPU
		{061494E1-D5D7-479E-BE88-FE0E2F94D9F5}.Debug|Any CPU.Build.0 = Debug|Any CPU
		{061494E1-D5D7-479E-BE88-FE0E2F94D9F5}.Debug|x64.ActiveCfg = Debug|Any CPU
		{061494E1-D5D7-479E-BE88-FE0E2F94D9F5}.Debug|x64.Build.0 = Debug|Any CPU
		{061494E1-D5D7-479E-BE88-FE0E2F94D9F5}.Debug|x86.ActiveCfg = Debug|Any CPU
		{061494E1-D5D7-479E-BE88-FE0E2F94D9F5}.Debug|x86.Build.0 = Debug|Any CPU
		{061494E1-D5D7-479E-BE88-FE0E2F94D9F5}.Release|Any CPU.ActiveCfg = Release|Any CPU
		{061494E1-D5D7-479E-BE88-FE0E2F94D9F5}.Release|Any CPU.Build.0 = Release|Any CPU
		{061494E1-D5D7-479E-BE88-FE0E2F94D9F5}.Release|x64.ActiveCfg = Release|Any CPU
		{061494E1-D5D7-479E-BE88-FE0E2F94D9F5}.Release|x64.Build.0 = Release|Any CPU
		{061494E1-D5D7-479E-BE88-FE0E2F94D9F5}.Release|x86.ActiveCfg = Release|Any CPU
		{061494E1-D5D7-479E-BE88-FE0E2F94D9F5}.Release|x86.Build.0 = Release|Any CPU
		{DE41D67B-F18B-4EAD-A1AC-D7AAB1DEB55E}.Debug|Any CPU.ActiveCfg = Debug|Any CPU
		{DE41D67B-F18B-4EAD-A1AC-D7AAB1DEB55E}.Debug|Any CPU.Build.0 = Debug|Any CPU
		{DE41D67B-F18B-4EAD-A1AC-D7AAB1DEB55E}.Debug|x64.ActiveCfg = Debug|Any CPU
		{DE41D67B-F18B-4EAD-A1AC-D7AAB1DEB55E}.Debug|x64.Build.0 = Debug|Any CPU
		{DE41D67B-F18B-4EAD-A1AC-D7AAB1DEB55E}.Debug|x86.ActiveCfg = Debug|Any CPU
		{DE41D67B-F18B-4EAD-A1AC-D7AAB1DEB55E}.Debug|x86.Build.0 = Debug|Any CPU
		{DE41D67B-F18B-4EAD-A1AC-D7AAB1DEB55E}.Release|Any CPU.ActiveCfg = Release|Any CPU
		{DE41D67B-F18B-4EAD-A1AC-D7AAB1DEB55E}.Release|Any CPU.Build.0 = Release|Any CPU
		{DE41D67B-F18B-4EAD-A1AC-D7AAB1DEB55E}.Release|x64.ActiveCfg = Release|Any CPU
		{DE41D67B-F18B-4EAD-A1AC-D7AAB1DEB55E}.Release|x64.Build.0 = Release|Any CPU
		{DE41D67B-F18B-4EAD-A1AC-D7AAB1DEB55E}.Release|x86.ActiveCfg = Release|Any CPU
		{DE41D67B-F18B-4EAD-A1AC-D7AAB1DEB55E}.Release|x86.Build.0 = Release|Any CPU
		{DC70B54C-4F4E-4826-A41B-99E976E9475A}.Debug|Any CPU.ActiveCfg = Debug|Any CPU
		{DC70B54C-4F4E-4826-A41B-99E976E9475A}.Debug|Any CPU.Build.0 = Debug|Any CPU
		{DC70B54C-4F4E-4826-A41B-99E976E9475A}.Debug|x64.ActiveCfg = Debug|Any CPU
		{DC70B54C-4F4E-4826-A41B-99E976E9475A}.Debug|x64.Build.0 = Debug|Any CPU
		{DC70B54C-4F4E-4826-A41B-99E976E9475A}.Debug|x86.ActiveCfg = Debug|Any CPU
		{DC70B54C-4F4E-4826-A41B-99E976E9475A}.Debug|x86.Build.0 = Debug|Any CPU
		{DC70B54C-4F4E-4826-A41B-99E976E9475A}.Release|Any CPU.ActiveCfg = Release|Any CPU
		{DC70B54C-4F4E-4826-A41B-99E976E9475A}.Release|Any CPU.Build.0 = Release|Any CPU
		{DC70B54C-4F4E-4826-A41B-99E976E9475A}.Release|x64.ActiveCfg = Release|Any CPU
		{DC70B54C-4F4E-4826-A41B-99E976E9475A}.Release|x64.Build.0 = Release|Any CPU
		{DC70B54C-4F4E-4826-A41B-99E976E9475A}.Release|x86.ActiveCfg = Release|Any CPU
		{DC70B54C-4F4E-4826-A41B-99E976E9475A}.Release|x86.Build.0 = Release|Any CPU
		{37D377D0-7C5A-4F44-B535-C9DA60FDB723}.Debug|Any CPU.ActiveCfg = Debug|Any CPU
		{37D377D0-7C5A-4F44-B535-C9DA60FDB723}.Debug|Any CPU.Build.0 = Debug|Any CPU
		{37D377D0-7C5A-4F44-B535-C9DA60FDB723}.Debug|x64.ActiveCfg = Debug|Any CPU
		{37D377D0-7C5A-4F44-B535-C9DA60FDB723}.Debug|x64.Build.0 = Debug|Any CPU
		{37D377D0-7C5A-4F44-B535-C9DA60FDB723}.Debug|x86.ActiveCfg = Debug|Any CPU
		{37D377D0-7C5A-4F44-B535-C9DA60FDB723}.Debug|x86.Build.0 = Debug|Any CPU
		{37D377D0-7C5A-4F44-B535-C9DA60FDB723}.Release|Any CPU.ActiveCfg = Release|Any CPU
		{37D377D0-7C5A-4F44-B535-C9DA60FDB723}.Release|Any CPU.Build.0 = Release|Any CPU
		{37D377D0-7C5A-4F44-B535-C9DA60FDB723}.Release|x64.ActiveCfg = Release|Any CPU
		{37D377D0-7C5A-4F44-B535-C9DA60FDB723}.Release|x64.Build.0 = Release|Any CPU
		{37D377D0-7C5A-4F44-B535-C9DA60FDB723}.Release|x86.ActiveCfg = Release|Any CPU
		{37D377D0-7C5A-4F44-B535-C9DA60FDB723}.Release|x86.Build.0 = Release|Any CPU
		{41B05546-CC58-4546-AC73-2497F7CD8FD8}.Debug|Any CPU.ActiveCfg = Debug|Any CPU
		{41B05546-CC58-4546-AC73-2497F7CD8FD8}.Debug|Any CPU.Build.0 = Debug|Any CPU
		{41B05546-CC58-4546-AC73-2497F7CD8FD8}.Debug|x64.ActiveCfg = Debug|Any CPU
		{41B05546-CC58-4546-AC73-2497F7CD8FD8}.Debug|x64.Build.0 = Debug|Any CPU
		{41B05546-CC58-4546-AC73-2497F7CD8FD8}.Debug|x86.ActiveCfg = Debug|Any CPU
		{41B05546-CC58-4546-AC73-2497F7CD8FD8}.Debug|x86.Build.0 = Debug|Any CPU
		{41B05546-CC58-4546-AC73-2497F7CD8FD8}.Release|Any CPU.ActiveCfg = Release|Any CPU
		{41B05546-CC58-4546-AC73-2497F7CD8FD8}.Release|Any CPU.Build.0 = Release|Any CPU
		{41B05546-CC58-4546-AC73-2497F7CD8FD8}.Release|x64.ActiveCfg = Release|Any CPU
		{41B05546-CC58-4546-AC73-2497F7CD8FD8}.Release|x64.Build.0 = Release|Any CPU
		{41B05546-CC58-4546-AC73-2497F7CD8FD8}.Release|x86.ActiveCfg = Release|Any CPU
		{41B05546-CC58-4546-AC73-2497F7CD8FD8}.Release|x86.Build.0 = Release|Any CPU
		{DB772676-A314-44DC-8EBD-971FBE6953B9}.Debug|Any CPU.ActiveCfg = Debug|Any CPU
		{DB772676-A314-44DC-8EBD-971FBE6953B9}.Debug|Any CPU.Build.0 = Debug|Any CPU
		{DB772676-A314-44DC-8EBD-971FBE6953B9}.Debug|x64.ActiveCfg = Debug|Any CPU
		{DB772676-A314-44DC-8EBD-971FBE6953B9}.Debug|x64.Build.0 = Debug|Any CPU
		{DB772676-A314-44DC-8EBD-971FBE6953B9}.Debug|x86.ActiveCfg = Debug|Any CPU
		{DB772676-A314-44DC-8EBD-971FBE6953B9}.Debug|x86.Build.0 = Debug|Any CPU
		{DB772676-A314-44DC-8EBD-971FBE6953B9}.Release|Any CPU.ActiveCfg = Release|Any CPU
		{DB772676-A314-44DC-8EBD-971FBE6953B9}.Release|Any CPU.Build.0 = Release|Any CPU
		{DB772676-A314-44DC-8EBD-971FBE6953B9}.Release|x64.ActiveCfg = Release|Any CPU
		{DB772676-A314-44DC-8EBD-971FBE6953B9}.Release|x64.Build.0 = Release|Any CPU
		{DB772676-A314-44DC-8EBD-971FBE6953B9}.Release|x86.ActiveCfg = Release|Any CPU
		{DB772676-A314-44DC-8EBD-971FBE6953B9}.Release|x86.Build.0 = Release|Any CPU
		{CA34C8B5-6C46-41C5-8931-AAFAD732DF5F}.Debug|Any CPU.ActiveCfg = Debug|Any CPU
		{CA34C8B5-6C46-41C5-8931-AAFAD732DF5F}.Debug|Any CPU.Build.0 = Debug|Any CPU
		{CA34C8B5-6C46-41C5-8931-AAFAD732DF5F}.Debug|x64.ActiveCfg = Debug|Any CPU
		{CA34C8B5-6C46-41C5-8931-AAFAD732DF5F}.Debug|x64.Build.0 = Debug|Any CPU
		{CA34C8B5-6C46-41C5-8931-AAFAD732DF5F}.Debug|x86.ActiveCfg = Debug|Any CPU
		{CA34C8B5-6C46-41C5-8931-AAFAD732DF5F}.Debug|x86.Build.0 = Debug|Any CPU
		{CA34C8B5-6C46-41C5-8931-AAFAD732DF5F}.Release|Any CPU.ActiveCfg = Release|Any CPU
		{CA34C8B5-6C46-41C5-8931-AAFAD732DF5F}.Release|Any CPU.Build.0 = Release|Any CPU
		{CA34C8B5-6C46-41C5-8931-AAFAD732DF5F}.Release|x64.ActiveCfg = Release|Any CPU
		{CA34C8B5-6C46-41C5-8931-AAFAD732DF5F}.Release|x64.Build.0 = Release|Any CPU
		{CA34C8B5-6C46-41C5-8931-AAFAD732DF5F}.Release|x86.ActiveCfg = Release|Any CPU
		{CA34C8B5-6C46-41C5-8931-AAFAD732DF5F}.Release|x86.Build.0 = Release|Any CPU
		{72DF2078-62A4-4529-B439-BFFF4AD4C6B9}.Debug|Any CPU.ActiveCfg = Debug|Any CPU
		{72DF2078-62A4-4529-B439-BFFF4AD4C6B9}.Debug|Any CPU.Build.0 = Debug|Any CPU
		{72DF2078-62A4-4529-B439-BFFF4AD4C6B9}.Debug|x64.ActiveCfg = Debug|Any CPU
		{72DF2078-62A4-4529-B439-BFFF4AD4C6B9}.Debug|x64.Build.0 = Debug|Any CPU
		{72DF2078-62A4-4529-B439-BFFF4AD4C6B9}.Debug|x86.ActiveCfg = Debug|Any CPU
		{72DF2078-62A4-4529-B439-BFFF4AD4C6B9}.Debug|x86.Build.0 = Debug|Any CPU
		{72DF2078-62A4-4529-B439-BFFF4AD4C6B9}.Release|Any CPU.ActiveCfg = Release|Any CPU
		{72DF2078-62A4-4529-B439-BFFF4AD4C6B9}.Release|Any CPU.Build.0 = Release|Any CPU
		{72DF2078-62A4-4529-B439-BFFF4AD4C6B9}.Release|x64.ActiveCfg = Release|Any CPU
		{72DF2078-62A4-4529-B439-BFFF4AD4C6B9}.Release|x64.Build.0 = Release|Any CPU
		{72DF2078-62A4-4529-B439-BFFF4AD4C6B9}.Release|x86.ActiveCfg = Release|Any CPU
		{72DF2078-62A4-4529-B439-BFFF4AD4C6B9}.Release|x86.Build.0 = Release|Any CPU
	EndGlobalSection
	GlobalSection(SolutionProperties) = preSolution
		HideSolutionNode = FALSE
	EndGlobalSection
	GlobalSection(NestedProjects) = preSolution
		{061494E1-D5D7-479E-BE88-FE0E2F94D9F5} = {3E7EDB35-637A-402C-ABA6-EF8E4C55C051}
		{DE41D67B-F18B-4EAD-A1AC-D7AAB1DEB55E} = {B622C013-E4C5-4632-A263-B652C38D2E27}
		{DC70B54C-4F4E-4826-A41B-99E976E9475A} = {B2B54384-A507-44F4-B611-039F7CC27AC0}
		{37D377D0-7C5A-4F44-B535-C9DA60FDB723} = {B2B54384-A507-44F4-B611-039F7CC27AC0}
		{41B05546-CC58-4546-AC73-2497F7CD8FD8} = {B2B54384-A507-44F4-B611-039F7CC27AC0}
		{DB772676-A314-44DC-8EBD-971FBE6953B9} = {3E7EDB35-637A-402C-ABA6-EF8E4C55C051}
		{CA34C8B5-6C46-41C5-8931-AAFAD732DF5F} = {3E7EDB35-637A-402C-ABA6-EF8E4C55C051}
		{72DF2078-62A4-4529-B439-BFFF4AD4C6B9} = {B2B54384-A507-44F4-B611-039F7CC27AC0}
	EndGlobalSection
	GlobalSection(ExtensibilityGlobals) = postSolution
		SolutionGuid = {AFD90899-B909-432A-BBAA-BBC662E19E7C}
	EndGlobalSection
EndGlobal
